
Microsoft Visual Studio Solution File, Format Version 11.00
# Visual Studio 2010
Project("{FAE04EC0-301F-11D3-BF4B-00C04F79EFBC}") = "satellite", "Assembly-CSharp.csproj", "{B41BC3ED-BD81-C8B0-AA71-FEB4DB30223F}"
EndProject
Global
	GlobalSection(SolutionConfigurationPlatforms) = preSolution
		Debug|Any CPU = Debug|Any CPU
		Release|Any CPU = Release|Any CPU
	EndGlobalSection
	GlobalSection(ProjectConfigurationPlatforms) = postSolution
		{B41BC3ED-BD81-C8B0-AA71-FEB4DB30223F}.Debug|Any CPU.ActiveCfg = Debug|Any CPU
		{B41BC3ED-BD81-C8B0-AA71-FEB4DB30223F}.Debug|Any CPU.Build.0 = Debug|Any CPU
		{B41BC3ED-BD81-C8B0-AA71-FEB4DB30223F}.Release|Any CPU.ActiveCfg = Release|Any CPU
		{B41BC3ED-BD81-C8B0-AA71-FEB4DB30223F}.Release|Any CPU.Build.0 = Release|Any CPU
	EndGlobalSection
	GlobalSection(SolutionProperties) = preSolution
		HideSolutionNode = FALSE
	EndGlobalSection
	GlobalSection(MonoDevelopProperties) = preSolution
		StartupItem = Assembly-CSharp.csproj
	EndGlobalSection
EndGlobal
